
Microsoft Visual Studio Solution File, Format Version 12.00
# Visual Studio Version 16
VisualStudioVersion = 16.0.31702.278
MinimumVisualStudioVersion = 10.0.40219.1
Project("{778DAE3C-4631-46EA-AA77-85C1314464D9}") = "ERdataFROMalobeesAPI", "ERdataFROMalobeesAPI\ERdataFROMalobeesAPI.vbproj", "{B552D107-CDB4-413E-80FE-01A2CD1C7E6E}"
EndProject
Project("{2150E333-8FDC-42A3-9474-1A3956D46DE8}") = "Solution Items", "Solution Items", "{D7AD86C3-3A79-4EB5-A543-8FFA0F93FD7B}"
	ProjectSection(SolutionItems) = preProject
		.editorconfig = .editorconfig
	EndProjectSection
EndProject
Global
	GlobalSection(SolutionConfigurationPlatforms) = preSolution
		Debug|Any CPU = Debug|Any CPU
		Release|Any CPU = Release|Any CPU
	EndGlobalSection
	GlobalSection(ProjectConfigurationPlatforms) = postSolution
		{B552D107-CDB4-413E-80FE-01A2CD1C7E6E}.Debug|Any CPU.ActiveCfg = Debug|Any CPU
		{B552D107-CDB4-413E-80FE-01A2CD1C7E6E}.Debug|Any CPU.Build.0 = Debug|Any CPU
		{B552D107-CDB4-413E-80FE-01A2CD1C7E6E}.Release|Any CPU.ActiveCfg = Release|Any CPU
		{B552D107-CDB4-413E-80FE-01A2CD1C7E6E}.Release|Any CPU.Build.0 = Release|Any CPU
	EndGlobalSection
	GlobalSection(SolutionProperties) = preSolution
		HideSolutionNode = FALSE
	EndGlobalSection
	GlobalSection(ExtensibilityGlobals) = postSolution
		SolutionGuid = {7DEB5B41-DDB1-4D49-8760-307470C92A14}
	EndGlobalSection
EndGlobal
